{
    "_meta": {
        "hash": {
            "sha256": "fe209b5bfaa571e8f0f82a71fea594ff7a45172c2bba40845379ce0206582414"
        },
        "pipfile-spec": 6,
        "requires": {
            "python_version": "3.9"
        },
        "sources": [
            {
                "name": "pypi",
                "url": "https://pypi.org/simple",
                "verify_ssl": true
            }
        ]
    },
    "default": {
        "djangorestframework-camel-case": {
            "hashes": [
                "sha256:9714d43fba5bb654057c29501649684d3d9f11a92319ae417fd4d65e80d1159d"
            ],
            "index": "pypi",
            "version": "==1.2.0"
        }
    },
    "develop": {}
}
